
Microsoft Visual Studio Solution File, Format Version 12.00
# Visual Studio Version 17
VisualStudioVersion = 17.4.33122.133
MinimumVisualStudioVersion = 10.0.40219.1
Project("{FAE04EC0-301F-11D3-BF4B-00C04F79EFBC}") = "MyStore.Android", "CRUD_SQLITE.Android\MyStore.Android.csproj", "{DE05EC65-CAE6-4399-9248-168AD888B0DE}"
EndProject
Project("{FAE04EC0-301F-11D3-BF4B-00C04F79EFBC}") = "MyStore.iOS", "CRUD_SQLITE.iOS\MyStore.iOS.csproj", "{5F9BBBE6-E45E-406B-960C-9E0ABD18FA70}"
EndProject
Project("{9A19103F-16F7-4668-BE54-9A1E7A4F7556}") = "MyStore", "CRUD_SQLITE\MyStore.csproj", "{BA90234C-88EC-49B4-B74D-950E78337C54}"
EndProject
Global
	GlobalSection(SolutionConfigurationPlatforms) = preSolution
		Debug|Any CPU = Debug|Any CPU
		Debug|iPhone = Debug|iPhone
		Debug|iPhoneSimulator = Debug|iPhoneSimulator
		Release|Any CPU = Release|Any CPU
		Release|iPhone = Release|iPhone
		Release|iPhoneSimulator = Release|iPhoneSimulator
	EndGlobalSection
	GlobalSection(ProjectConfigurationPlatforms) = postSolution
		{DE05EC65-CAE6-4399-9248-168AD888B0DE}.Debug|Any CPU.ActiveCfg = Debug|Any CPU
		{DE05EC65-CAE6-4399-9248-168AD888B0DE}.Debug|Any CPU.Build.0 = Debug|Any CPU
		{DE05EC65-CAE6-4399-9248-168AD888B0DE}.Debug|Any CPU.Deploy.0 = Debug|Any CPU
		{DE05EC65-CAE6-4399-9248-168AD888B0DE}.Debug|iPhone.ActiveCfg = Debug|Any CPU
		{DE05EC65-CAE6-4399-9248-168AD888B0DE}.Debug|iPhone.Build.0 = Debug|Any CPU
		{DE05EC65-CAE6-4399-9248-168AD888B0DE}.Debug|iPhone.Deploy.0 = Debug|Any CPU
		{DE05EC65-CAE6-4399-9248-168AD888B0DE}.Debug|iPhoneSimulator.ActiveCfg = Debug|Any CPU
		{DE05EC65-CAE6-4399-9248-168AD888B0DE}.Debug|iPhoneSimulator.Build.0 = Debug|Any CPU
		{DE05EC65-CAE6-4399-9248-168AD888B0DE}.Debug|iPhoneSimulator.Deploy.0 = Debug|Any CPU
		{DE05EC65-CAE6-4399-9248-168AD888B0DE}.Release|Any CPU.ActiveCfg = Release|Any CPU
		{DE05EC65-CAE6-4399-9248-168AD888B0DE}.Release|Any CPU.Build.0 = Release|Any CPU
		{DE05EC65-CAE6-4399-9248-168AD888B0DE}.Release|Any CPU.Deploy.0 = Release|Any CPU
		{DE05EC65-CAE6-4399-9248-168AD888B0DE}.Release|iPhone.ActiveCfg = Release|Any CPU
		{DE05EC65-CAE6-4399-9248-168AD888B0DE}.Release|iPhone.Build.0 = Release|Any CPU
		{DE05EC65-CAE6-4399-9248-168AD888B0DE}.Release|iPhone.Deploy.0 = Release|Any CPU
		{DE05EC65-CAE6-4399-9248-168AD888B0DE}.Release|iPhoneSimulator.ActiveCfg = Release|Any CPU
		{DE05EC65-CAE6-4399-9248-168AD888B0DE}.Release|iPhoneSimulator.Build.0 = Release|Any CPU
		{DE05EC65-CAE6-4399-9248-168AD888B0DE}.Release|iPhoneSimulator.Deploy.0 = Release|Any CPU
		{5F9BBBE6-E45E-406B-960C-9E0ABD18FA70}.Debug|Any CPU.ActiveCfg = Debug|iPhone
		{5F9BBBE6-E45E-406B-960C-9E0ABD18FA70}.Debug|Any CPU.Build.0 = Debug|iPhone
		{5F9BBBE6-E45E-406B-960C-9E0ABD18FA70}.Debug|Any CPU.Deploy.0 = Debug|iPhone
		{5F9BBBE6-E45E-406B-960C-9E0ABD18FA70}.Debug|iPhone.ActiveCfg = Debug|iPhone
		{5F9BBBE6-E45E-406B-960C-9E0ABD18FA70}.Debug|iPhone.Build.0 = Debug|iPhone
		{5F9BBBE6-E45E-406B-960C-9E0ABD18FA70}.Debug|iPhone.Deploy.0 = Debug|iPhone
		{5F9BBBE6-E45E-406B-960C-9E0ABD18FA70}.Debug|iPhoneSimulator.ActiveCfg = Debug|iPhoneSimulator
		{5F9BBBE6-E45E-406B-960C-9E0ABD18FA70}.Debug|iPhoneSimulator.Build.0 = Debug|iPhoneSimulator
		{5F9BBBE6-E45E-406B-960C-9E0ABD18FA70}.Debug|iPhoneSimulator.Deploy.0 = Debug|iPhoneSimulator
		{5F9BBBE6-E45E-406B-960C-9E0ABD18FA70}.Release|Any CPU.ActiveCfg = Release|iPhoneSimulator
		{5F9BBBE6-E45E-406B-960C-9E0ABD18FA70}.Release|Any CPU.Build.0 = Release|iPhoneSimulator
		{5F9BBBE6-E45E-406B-960C-9E0ABD18FA70}.Release|Any CPU.Deploy.0 = Release|iPhoneSimulator
		{5F9BBBE6-E45E-406B-960C-9E0ABD18FA70}.Release|iPhone.ActiveCfg = Release|iPhone
		{5F9BBBE6-E45E-406B-960C-9E0ABD18FA70}.Release|iPhone.Build.0 = Release|iPhone
		{5F9BBBE6-E45E-406B-960C-9E0ABD18FA70}.Release|iPhone.Deploy.0 = Release|iPhone
		{5F9BBBE6-E45E-406B-960C-9E0ABD18FA70}.Release|iPhoneSimulator.ActiveCfg = Release|iPhoneSimulator
		{5F9BBBE6-E45E-406B-960C-9E0ABD18FA70}.Release|iPhoneSimulator.Build.0 = Release|iPhoneSimulator
		{5F9BBBE6-E45E-406B-960C-9E0ABD18FA70}.Release|iPhoneSimulator.Deploy.0 = Release|iPhoneSimulator
		{BA90234C-88EC-49B4-B74D-950E78337C54}.Debug|Any CPU.ActiveCfg = Debug|Any CPU
		{BA90234C-88EC-49B4-B74D-950E78337C54}.Debug|Any CPU.Build.0 = Debug|Any CPU
		{BA90234C-88EC-49B4-B74D-950E78337C54}.Debug|Any CPU.Deploy.0 = Debug|Any CPU
		{BA90234C-88EC-49B4-B74D-950E78337C54}.Debug|iPhone.ActiveCfg = Debug|Any CPU
		{BA90234C-88EC-49B4-B74D-950E78337C54}.Debug|iPhone.Build.0 = Debug|Any CPU
		{BA90234C-88EC-49B4-B74D-950E78337C54}.Debug|iPhone.Deploy.0 = Debug|Any CPU
		{BA90234C-88EC-49B4-B74D-950E78337C54}.Debug|iPhoneSimulator.ActiveCfg = Debug|Any CPU
		{BA90234C-88EC-49B4-B74D-950E78337C54}.Debug|iPhoneSimulator.Build.0 = Debug|Any CPU
		{BA90234C-88EC-49B4-B74D-950E78337C54}.Debug|iPhoneSimulator.Deploy.0 = Debug|Any CPU
		{BA90234C-88EC-49B4-B74D-950E78337C54}.Release|Any CPU.ActiveCfg = Release|Any CPU
		{BA90234C-88EC-49B4-B74D-950E78337C54}.Release|Any CPU.Build.0 = Release|Any CPU
		{BA90234C-88EC-49B4-B74D-950E78337C54}.Release|Any CPU.Deploy.0 = Release|Any CPU
		{BA90234C-88EC-49B4-B74D-950E78337C54}.Release|iPhone.ActiveCfg = Release|Any CPU
		{BA90234C-88EC-49B4-B74D-950E78337C54}.Release|iPhone.Build.0 = Release|Any CPU
		{BA90234C-88EC-49B4-B74D-950E78337C54}.Release|iPhone.Deploy.0 = Release|Any CPU
		{BA90234C-88EC-49B4-B74D-950E78337C54}.Release|iPhoneSimulator.ActiveCfg = Release|Any CPU
		{BA90234C-88EC-49B4-B74D-950E78337C54}.Release|iPhoneSimulator.Build.0 = Release|Any CPU
		{BA90234C-88EC-49B4-B74D-950E78337C54}.Release|iPhoneSimulator.Deploy.0 = Release|Any CPU
	EndGlobalSection
	GlobalSection(SolutionProperties) = preSolution
		HideSolutionNode = FALSE
	EndGlobalSection
	GlobalSection(ExtensibilityGlobals) = postSolution
		SolutionGuid = {F498891F-58E5-4C29-AD15-DCEF52685749}
	EndGlobalSection
EndGlobal
